
Microsoft Visual Studio Solution File, Format Version 12.00
# Visual Studio 14
VisualStudioVersion = 14.0.25420.1
MinimumVisualStudioVersion = 10.0.40219.1
Project("{FAE04EC0-301F-11D3-BF4B-00C04F79EFBC}") = "PasswordGenerator", "PasswordGenerator\PasswordGenerator.csproj", "{C43D1A20-D98C-419E-9FDD-BD8CC501C591}"
EndProject
Project("{FAE04EC0-301F-11D3-BF4B-00C04F79EFBC}") = "TestPasswordGenerator", "TesePasswordGenerator\TestPasswordGenerator.csproj", "{176C41BE-6270-4B17-AAB2-91953921C612}"
EndProject
Global
	GlobalSection(SolutionConfigurationPlatforms) = preSolution
		Debug|Any CPU = Debug|Any CPU
		Release|Any CPU = Release|Any CPU
	EndGlobalSection
	GlobalSection(ProjectConfigurationPlatforms) = postSolution
		{C43D1A20-D98C-419E-9FDD-BD8CC501C591}.Debug|Any CPU.ActiveCfg = Debug|Any CPU
		{C43D1A20-D98C-419E-9FDD-BD8CC501C591}.Debug|Any CPU.Build.0 = Debug|Any CPU
		{C43D1A20-D98C-419E-9FDD-BD8CC501C591}.Release|Any CPU.ActiveCfg = Release|Any CPU
		{C43D1A20-D98C-419E-9FDD-BD8CC501C591}.Release|Any CPU.Build.0 = Release|Any CPU
		{176C41BE-6270-4B17-AAB2-91953921C612}.Debug|Any CPU.ActiveCfg = Debug|Any CPU
		{176C41BE-6270-4B17-AAB2-91953921C612}.Debug|Any CPU.Build.0 = Debug|Any CPU
		{176C41BE-6270-4B17-AAB2-91953921C612}.Release|Any CPU.ActiveCfg = Release|Any CPU
		{176C41BE-6270-4B17-AAB2-91953921C612}.Release|Any CPU.Build.0 = Release|Any CPU
	EndGlobalSection
	GlobalSection(SolutionProperties) = preSolution
		HideSolutionNode = FALSE
	EndGlobalSection
EndGlobal
